// !$*UTF8*$!
{
	archiveVersion = 1;
	classes = {
	};
	objectVersion = 50;
	objects = {

/* Begin PBXBuildFile section */
		646ED27424826D650042B11C /* liblog4cplus-2.0.3.dylib in Frameworks */ = {isa = PBXBuildFile; fileRef = 646ED27324826D650042B11C /* liblog4cplus-2.0.3.dylib */; };
		646ED27524826D650042B11C /* liblog4cplus-2.0.3.dylib in Embed Libraries */ = {isa = PBXBuildFile; fileRef = 646ED27324826D650042B11C /* liblog4cplus-2.0.3.dylib */; settings = {ATTRIBUTES = (CodeSignOnCopy, ); }; };
		64EAD5832480293600F42016 /* main.cpp in Sources */ = {isa = PBXBuildFile; fileRef = 64EAD5822480293600F42016 /* main.cpp */; };
/* End PBXBuildFile section */

/* Begin PBXCopyFilesBuildPhase section */
		646ED27624826D650042B11C /* Embed Libraries */ = {
			isa = PBXCopyFilesBuildPhase;
			buildActionMask = 2147483647;
			dstPath = "";
			dstSubfolderSpec = 10;
			files = (
				646ED27524826D650042B11C /* liblog4cplus-2.0.3.dylib in Embed Libraries */,
			);
			name = "Embed Libraries";
			runOnlyForDeploymentPostprocessing = 0;
		};
		64EAD57D2480293600F42016 /* CopyFiles */ = {
			isa = PBXCopyFilesBuildPhase;
			buildActionMask = 2147483647;
			dstPath = /usr/share/man/man1/;
			dstSubfolderSpec = 0;
			files = (
			);
			runOnlyForDeploymentPostprocessing = 1;
		};
/* End PBXCopyFilesBuildPhase section */

/* Begin PBXFileReference section */
		646ED27124826D510042B11C /* log4cplus */ = {isa = PBXFileReference; lastKnownFileType = folder; name = log4cplus; path = ../../../external/libs/log4cplus; sourceTree = "<group>"; };
		646ED27324826D650042B11C /* liblog4cplus-2.0.3.dylib */ = {isa = PBXFileReference; lastKnownFileType = "compiled.mach-o.dylib"; name = "liblog4cplus-2.0.3.dylib"; path = "../../../external/libs/log4cplus/liblog4cplus-2.0.3.dylib"; sourceTree = "<group>"; };
		64EAD57F2480293600F42016 /* PGHQAgent */ = {isa = PBXFileReference; explicitFileType = "compiled.mach-o.executable"; includeInIndex = 0; path = PGHQAgent; sourceTree = BUILT_PRODUCTS_DIR; };
		64EAD5822480293600F42016 /* main.cpp */ = {isa = PBXFileReference; lastKnownFileType = sourcecode.cpp.cpp; path = main.cpp; sourceTree = "<group>"; };
		64EAD58B24802BCF00F42016 /* shared_src */ = {isa = PBXFileReference; lastKnownFileType = folder; name = shared_src; path = ../../../shared_src; sourceTree = "<group>"; };
/* End PBXFileReference section */

/* Begin PBXFrameworksBuildPhase section */
		64EAD57C2480293600F42016 /* Frameworks */ = {
			isa = PBXFrameworksBuildPhase;
			buildActionMask = 2147483647;
			files = (
				646ED27424826D650042B11C /* liblog4cplus-2.0.3.dylib in Frameworks */,
			);
			runOnlyForDeploymentPostprocessing = 0;
		};
/* End PBXFrameworksBuildPhase section */

/* Begin PBXGroup section */
		646ED27024826D330042B11C /* Libs */ = {
			isa = PBXGroup;
			children = (
				646ED27124826D510042B11C /* log4cplus */,
			);
			name = Libs;
			sourceTree = "<group>";
		};
		646ED27224826D650042B11C /* Frameworks */ = {
			isa = PBXGroup;
			children = (
				646ED27324826D650042B11C /* liblog4cplus-2.0.3.dylib */,
			);
			name = Frameworks;
			sourceTree = "<group>";
		};
		64EAD5762480293600F42016 = {
			isa = PBXGroup;
			children = (
				64EAD5812480293600F42016 /* PGHQAgent */,
				646ED27024826D330042B11C /* Libs */,
				64EAD5802480293600F42016 /* Products */,
				646ED27224826D650042B11C /* Frameworks */,
			);
			sourceTree = "<group>";
		};
		64EAD5802480293600F42016 /* Products */ = {
			isa = PBXGroup;
			children = (
				64EAD57F2480293600F42016 /* PGHQAgent */,
			);
			name = Products;
			sourceTree = "<group>";
		};
		64EAD5812480293600F42016 /* PGHQAgent */ = {
			isa = PBXGroup;
			children = (
				64EAD58B24802BCF00F42016 /* shared_src */,
				64EAD5822480293600F42016 /* main.cpp */,
			);
			path = PGHQAgent;
			sourceTree = "<group>";
		};
/* End PBXGroup section */

/* Begin PBXNativeTarget section */
		64EAD57E2480293600F42016 /* PGHQAgent */ = {
			isa = PBXNativeTarget;
			buildConfigurationList = 64EAD5862480293600F42016 /* Build configuration list for PBXNativeTarget "PGHQAgent" */;
			buildPhases = (
				64EAD57B2480293600F42016 /* Sources */,
				64EAD57C2480293600F42016 /* Frameworks */,
				64EAD57D2480293600F42016 /* CopyFiles */,
				646ED27624826D650042B11C /* Embed Libraries */,
			);
			buildRules = (
			);
			dependencies = (
			);
			name = PGHQAgent;
			productName = PGHQAgent;
			productReference = 64EAD57F2480293600F42016 /* PGHQAgent */;
			productType = "com.apple.product-type.tool";
		};
/* End PBXNativeTarget section */

/* Begin PBXProject section */
		64EAD5772480293600F42016 /* Project object */ = {
			isa = PBXProject;
			attributes = {
				LastUpgradeCheck = 1150;
				ORGANIZATIONNAME = "hugo rodrigues";
				TargetAttributes = {
					64EAD57E2480293600F42016 = {
						CreatedOnToolsVersion = 11.5;
					};
				};
			};
			buildConfigurationList = 64EAD57A2480293600F42016 /* Build configuration list for PBXProject "PGHQAgent" */;
			compatibilityVersion = "Xcode 9.3";
			developmentRegion = en;
			hasScannedForEncodings = 0;
			knownRegions = (
				en,
				Base,
			);
			mainGroup = 64EAD5762480293600F42016;
			productRefGroup = 64EAD5802480293600F42016 /* Products */;
			projectDirPath = "";
			projectRoot = "";
			targets = (
				64EAD57E2480293600F42016 /* PGHQAgent */,
			);
		};
/* End PBXProject section */

/* Begin PBXSourcesBuildPhase section */
		64EAD57B2480293600F42016 /* Sources */ = {
			isa = PBXSourcesBuildPhase;
			buildActionMask = 2147483647;
			files = (
				64EAD5832480293600F42016 /* main.cpp in Sources */,
			);
			runOnlyForDeploymentPostprocessing = 0;
		};
/* End PBXSourcesBuildPhase section */

/* Begin XCBuildConfiguration section */
		64EAD5842480293600F42016 /* Debug */ = {
			isa = XCBuildConfiguration;
			buildSettings = {
				ALWAYS_SEARCH_USER_PATHS = YES;
				CLANG_ANALYZER_NONNULL = YES;
				CLANG_ANALYZER_NUMBER_OBJECT_CONVERSION = YES_AGGRESSIVE;
				CLANG_CXX_LANGUAGE_STANDARD = "gnu++14";
				CLANG_CXX_LIBRARY = "libc++";
				CLANG_ENABLE_MODULES = YES;
				CLANG_ENABLE_OBJC_ARC = YES;
				CLANG_ENABLE_OBJC_WEAK = YES;
				CLANG_WARN_BLOCK_CAPTURE_AUTORELEASING = YES;
				CLANG_WARN_BOOL_CONVERSION = YES;
				CLANG_WARN_COMMA = YES;
				CLANG_WARN_CONSTANT_CONVERSION = YES;
				CLANG_WARN_DEPRECATED_OBJC_IMPLEMENTATIONS = YES;
				CLANG_WARN_DIRECT_OBJC_ISA_USAGE = YES_ERROR;
				CLANG_WARN_DOCUMENTATION_COMMENTS = YES;
				CLANG_WARN_EMPTY_BODY = YES;
				CLANG_WARN_ENUM_CONVERSION = YES;
				CLANG_WARN_INFINITE_RECURSION = YES;
				CLANG_WARN_INT_CONVERSION = YES;
				CLANG_WARN_NON_LITERAL_NULL_CONVERSION = YES;
				CLANG_WARN_OBJC_IMPLICIT_RETAIN_SELF = YES;
				CLANG_WARN_OBJC_LITERAL_CONVERSION = YES;
				CLANG_WARN_OBJC_ROOT_CLASS = YES_ERROR;
				CLANG_WARN_RANGE_LOOP_ANALYSIS = YES;
				CLANG_WARN_STRICT_PROTOTYPES = YES;
				CLANG_WARN_SUSPICIOUS_MOVE = YES;
				CLANG_WARN_UNGUARDED_AVAILABILITY = YES_AGGRESSIVE;
				CLANG_WARN_UNREACHABLE_CODE = YES;
				CLANG_WARN__DUPLICATE_METHOD_MATCH = YES;
				COPY_PHASE_STRIP = NO;
				DEBUG_INFORMATION_FORMAT = dwarf;
				ENABLE_STRICT_OBJC_MSGSEND = YES;
				ENABLE_TESTABILITY = YES;
				GCC_C_LANGUAGE_STANDARD = gnu11;
				GCC_DYNAMIC_NO_PIC = NO;
				GCC_NO_COMMON_BLOCKS = YES;
				GCC_OPTIMIZATION_LEVEL = 0;
				GCC_PREPROCESSOR_DEFINITIONS = (
					"DEBUG=1",
					"$(inherited)",
				);
				GCC_WARN_64_TO_32_BIT_CONVERSION = YES;
				GCC_WARN_ABOUT_RETURN_TYPE = YES_ERROR;
				GCC_WARN_UNDECLARED_SELECTOR = YES;
				GCC_WARN_UNINITIALIZED_AUTOS = YES_AGGRESSIVE;
				GCC_WARN_UNUSED_FUNCTION = YES;
				GCC_WARN_UNUSED_VARIABLE = YES;
				HEADER_SEARCH_PATHS = "\"/Users/hugorodrigues/opt/projecto pgheadquartes/src/external/include\"/**";
				LIBRARY_SEARCH_PATHS = "\"/Users/hugorodrigues/opt/projecto pgheadquartes/src/external/libs/\"/**";
				MACOSX_DEPLOYMENT_TARGET = 10.15;
				MTL_ENABLE_DEBUG_INFO = INCLUDE_SOURCE;
				MTL_FAST_MATH = YES;
				ONLY_ACTIVE_ARCH = YES;
				SDKROOT = macosx;
				USER_HEADER_SEARCH_PATHS = "\"/Users/hugorodrigues/opt/projecto pgheadquartes/src/external/include/\"/**";
			};
			name = Debug;
		};
		64EAD5852480293600F42016 /* Release */ = {
			isa = XCBuildConfiguration;
			buildSettings = {
				ALWAYS_SEARCH_USER_PATHS = YES;
				CLANG_ANALYZER_NONNULL = YES;
				CLANG_ANALYZER_NUMBER_OBJECT_CONVERSION = YES_AGGRESSIVE;
				CLANG_CXX_LANGUAGE_STANDARD = "gnu++14";
				CLANG_CXX_LIBRARY = "libc++";
				CLANG_ENABLE_MODULES = YES;
				CLANG_ENABLE_OBJC_ARC = YES;
				CLANG_ENABLE_OBJC_WEAK = YES;
				CLANG_WARN_BLOCK_CAPTURE_AUTORELEASING = YES;
				CLANG_WARN_BOOL_CONVERSION = YES;
				CLANG_WARN_COMMA = YES;
				CLANG_WARN_CONSTANT_CONVERSION = YES;
				CLANG_WARN_DEPRECATED_OBJC_IMPLEMENTATIONS = YES;
				CLANG_WARN_DIRECT_OBJC_ISA_USAGE = YES_ERROR;
				CLANG_WARN_DOCUMENTATION_COMMENTS = YES;
				CLANG_WARN_EMPTY_BODY = YES;
				CLANG_WARN_ENUM_CONVERSION = YES;
				CLANG_WARN_INFINITE_RECURSION = YES;
				CLANG_WARN_INT_CONVERSION = YES;
				CLANG_WARN_NON_LITERAL_NULL_CONVERSION = YES;
				CLANG_WARN_OBJC_IMPLICIT_RETAIN_SELF = YES;
				CLANG_WARN_OBJC_LITERAL_CONVERSION = YES;
				CLANG_WARN_OBJC_ROOT_CLASS = YES_ERROR;
				CLANG_WARN_RANGE_LOOP_ANALYSIS = YES;
				CLANG_WARN_STRICT_PROTOTYPES = YES;
				CLANG_WARN_SUSPICIOUS_MOVE = YES;
				CLANG_WARN_UNGUARDED_AVAILABILITY = YES_AGGRESSIVE;
				CLANG_WARN_UNREACHABLE_CODE = YES;
				CLANG_WARN__DUPLICATE_METHOD_MATCH = YES;
				COPY_PHASE_STRIP = NO;
				DEBUG_INFORMATION_FORMAT = "dwarf-with-dsym";
				ENABLE_NS_ASSERTIONS = NO;
				ENABLE_STRICT_OBJC_MSGSEND = YES;
				GCC_C_LANGUAGE_STANDARD = gnu11;
				GCC_NO_COMMON_BLOCKS = YES;
				GCC_WARN_64_TO_32_BIT_CONVERSION = YES;
				GCC_WARN_ABOUT_RETURN_TYPE = YES_ERROR;
				GCC_WARN_UNDECLARED_SELECTOR = YES;
				GCC_WARN_UNINITIALIZED_AUTOS = YES_AGGRESSIVE;
				GCC_WARN_UNUSED_FUNCTION = YES;
				GCC_WARN_UNUSED_VARIABLE = YES;
				HEADER_SEARCH_PATHS = "\"/Users/hugorodrigues/opt/projecto pgheadquartes/src/external/include\"/**";
				LIBRARY_SEARCH_PATHS = "\"/Users/hugorodrigues/opt/projecto pgheadquartes/src/external/libs/\"/**";
				MACOSX_DEPLOYMENT_TARGET = 10.15;
				MTL_ENABLE_DEBUG_INFO = NO;
				MTL_FAST_MATH = YES;
				SDKROOT = macosx;
				USER_HEADER_SEARCH_PATHS = "\"/Users/hugorodrigues/opt/projecto pgheadquartes/src/external/include/\"/**";
			};
			name = Release;
		};
		64EAD5872480293600F42016 /* Debug */ = {
			isa = XCBuildConfiguration;
			buildSettings = {
				CODE_SIGN_STYLE = Automatic;
				DEVELOPMENT_TEAM = KDHWFMJP3P;
				ENABLE_HARDENED_RUNTIME = YES;
				PRODUCT_NAME = "$(TARGET_NAME)";
			};
			name = Debug;
		};
		64EAD5882480293600F42016 /* Release */ = {
			isa = XCBuildConfiguration;
			buildSettings = {
				CODE_SIGN_STYLE = Automatic;
				DEVELOPMENT_TEAM = KDHWFMJP3P;
				ENABLE_HARDENED_RUNTIME = YES;
				PRODUCT_NAME = "$(TARGET_NAME)";
			};
			name = Release;
		};
/* End XCBuildConfiguration section */

/* Begin XCConfigurationList section */
		64EAD57A2480293600F42016 /* Build configuration list for PBXProject "PGHQAgent" */ = {
			isa = XCConfigurationList;
			buildConfigurations = (
				64EAD5842480293600F42016 /* Debug */,
				64EAD5852480293600F42016 /* Release */,
			);
			defaultConfigurationIsVisible = 0;
			defaultConfigurationName = Release;
		};
		64EAD5862480293600F42016 /* Build configuration list for PBXNativeTarget "PGHQAgent" */ = {
			isa = XCConfigurationList;
			buildConfigurations = (
				64EAD5872480293600F42016 /* Debug */,
				64EAD5882480293600F42016 /* Release */,
			);
			defaultConfigurationIsVisible = 0;
			defaultConfigurationName = Release;
		};
/* End XCConfigurationList section */
	};
	rootObject = 64EAD5772480293600F42016 /* Project object */;
}
